{
  "name": "clientassetbuilder",
  "version": "0.0.0",
  "lockfileVersion": 1,
  "requires": true,
  "dependencies": {
    "@hyas/doks": {
      "version": "0.2.1",
      "resolved": "https://registry.npmjs.org/@hyas/doks/-/doks-0.2.1.tgz",
      "integrity": "sha512-zvTc3Gq7mV1UR6umYnG7i6BwpH3fyFRLdV6sT8P32bnZG8l6/q+gQcvps8StABll1NfRkwa2GCP366g+Fw79Ug==",
      "dev": true
    }
  }
}
